
Microsoft Visual Studio Solution File, Format Version 12.00
# Visual Studio Version 16
VisualStudioVersion = 16.0.32510.428
MinimumVisualStudioVersion = 10.0.40219.1
Project("{FAE04EC0-301F-11D3-BF4B-00C04F79EFBC}") = "Textdateien", "Textdateien.csproj", "{0FF68036-D4F0-47EB-BB1B-D85689FEAA86}"
EndProject
Global
	GlobalSection(SolutionConfigurationPlatforms) = preSolution
		Debug|Any CPU = Debug|Any CPU
		Release|Any CPU = Release|Any CPU
	EndGlobalSection
	GlobalSection(ProjectConfigurationPlatforms) = postSolution
		{0FF68036-D4F0-47EB-BB1B-D85689FEAA86}.Debug|Any CPU.ActiveCfg = Debug|Any CPU
		{0FF68036-D4F0-47EB-BB1B-D85689FEAA86}.Debug|Any CPU.Build.0 = Debug|Any CPU
		{0FF68036-D4F0-47EB-BB1B-D85689FEAA86}.Release|Any CPU.ActiveCfg = Release|Any CPU
		{0FF68036-D4F0-47EB-BB1B-D85689FEAA86}.Release|Any CPU.Build.0 = Release|Any CPU
	EndGlobalSection
	GlobalSection(SolutionProperties) = preSolution
		HideSolutionNode = FALSE
	EndGlobalSection
	GlobalSection(ExtensibilityGlobals) = postSolution
		SolutionGuid = {4887C371-93FD-4FA4-996E-BA9725BC105E}
	EndGlobalSection
EndGlobal
