
Microsoft Visual Studio Solution File, Format Version 12.00
# Visual Studio Version 16
VisualStudioVersion = 16.0.31829.152
MinimumVisualStudioVersion = 10.0.40219.1
Project("{FAE04EC0-301F-11D3-BF4B-00C04F79EFBC}") = "WinFormsHexToInt", "WinFormsHexToInt\WinFormsHexToInt.csproj", "{99CA550D-EAF1-4E4B-B39D-FB450AF3DA29}"
EndProject
Global
	GlobalSection(SolutionConfigurationPlatforms) = preSolution
		Debug|Any CPU = Debug|Any CPU
		Release|Any CPU = Release|Any CPU
	EndGlobalSection
	GlobalSection(ProjectConfigurationPlatforms) = postSolution
		{99CA550D-EAF1-4E4B-B39D-FB450AF3DA29}.Debug|Any CPU.ActiveCfg = Debug|Any CPU
		{99CA550D-EAF1-4E4B-B39D-FB450AF3DA29}.Debug|Any CPU.Build.0 = Debug|Any CPU
		{99CA550D-EAF1-4E4B-B39D-FB450AF3DA29}.Release|Any CPU.ActiveCfg = Release|Any CPU
		{99CA550D-EAF1-4E4B-B39D-FB450AF3DA29}.Release|Any CPU.Build.0 = Release|Any CPU
	EndGlobalSection
	GlobalSection(SolutionProperties) = preSolution
		HideSolutionNode = FALSE
	EndGlobalSection
	GlobalSection(ExtensibilityGlobals) = postSolution
		SolutionGuid = {A01EC27A-6B15-4678-9426-C43AEB4D6128}
	EndGlobalSection
EndGlobal
